
Microsoft Visual Studio Solution File, Format Version 12.00
# Visual Studio Version 17
VisualStudioVersion = 17.9.34728.123
MinimumVisualStudioVersion = 10.0.40219.1
Project("{9A19103F-16F7-4668-BE54-9A1E7A4F7556}") = "SistemaDeNominaPolimor", "SistemaDeNominaPolimor.csproj", "{0EB391FE-F9A6-4270-9B9B-EEE4CC600DCA}"
EndProject
Global
	GlobalSection(SolutionConfigurationPlatforms) = preSolution
		Debug|Any CPU = Debug|Any CPU
		Release|Any CPU = Release|Any CPU
	EndGlobalSection
	GlobalSection(ProjectConfigurationPlatforms) = postSolution
		{0EB391FE-F9A6-4270-9B9B-EEE4CC600DCA}.Debug|Any CPU.ActiveCfg = Debug|Any CPU
		{0EB391FE-F9A6-4270-9B9B-EEE4CC600DCA}.Debug|Any CPU.Build.0 = Debug|Any CPU
		{0EB391FE-F9A6-4270-9B9B-EEE4CC600DCA}.Release|Any CPU.ActiveCfg = Release|Any CPU
		{0EB391FE-F9A6-4270-9B9B-EEE4CC600DCA}.Release|Any CPU.Build.0 = Release|Any CPU
	EndGlobalSection
	GlobalSection(SolutionProperties) = preSolution
		HideSolutionNode = FALSE
	EndGlobalSection
	GlobalSection(ExtensibilityGlobals) = postSolution
		SolutionGuid = {5546BFAB-A92F-43BD-9B77-331993136C60}
	EndGlobalSection
EndGlobal
